
Microsoft Visual Studio Solution File, Format Version 12.00
# Visual Studio Version 17
VisualStudioVersion = 17.1.32228.430
MinimumVisualStudioVersion = 10.0.40219.1
Project("{9A19103F-16F7-4668-BE54-9A1E7A4F7556}") = "SimpleR", "src\server\SimpleR.csproj", "{E905ADDC-D30C-4EFF-AC05-F7A62F8FAC8A}"
EndProject
Project("{FAE04EC0-301F-11D3-BF4B-00C04F79EFBC}") = "Sample1", "samples\Sample1\Sample1.csproj", "{41476B3C-D9D2-40CD-A20C-AAF60B1913A7}"
EndProject
Project("{FAE04EC0-301F-11D3-BF4B-00C04F79EFBC}") = "Sample1.Client", "samples\Sample1.Client\Sample1.Client.csproj", "{CC1D181E-10DD-4394-B0DD-3795E836CC27}"
EndProject
Project("{FAE04EC0-301F-11D3-BF4B-00C04F79EFBC}") = "SampleProtocols", "samples\SampleProtocols\SampleProtocols.csproj", "{E932A6F4-5D19-427A-9244-D755685400A0}"
EndProject
Project("{2150E333-8FDC-42A3-9474-1A3956D46DE8}") = "Samples", "Samples", "{F1C49220-A8D7-45D8-8B27-869E488F3B7B}"
EndProject
Project("{FAE04EC0-301F-11D3-BF4B-00C04F79EFBC}") = "SimpleR.Protocol", "src\protocol\SimpleR.Protocol\SimpleR.Protocol.csproj", "{0228F43D-C452-4961-9C60-454CC1C3406E}"
EndProject
Project("{FAE04EC0-301F-11D3-BF4B-00C04F79EFBC}") = "SimpleR.Client", "src\client\SimpleR.Client\SimpleR.Client.csproj", "{A4BA1AD5-AEBC-4A3B-877A-C1AEE748C151}"
EndProject
Global
	GlobalSection(SolutionConfigurationPlatforms) = preSolution
		Debug|Any CPU = Debug|Any CPU
		Release|Any CPU = Release|Any CPU
	EndGlobalSection
	GlobalSection(ProjectConfigurationPlatforms) = postSolution
		{E905ADDC-D30C-4EFF-AC05-F7A62F8FAC8A}.Debug|Any CPU.ActiveCfg = Debug|Any CPU
		{E905ADDC-D30C-4EFF-AC05-F7A62F8FAC8A}.Debug|Any CPU.Build.0 = Debug|Any CPU
		{E905ADDC-D30C-4EFF-AC05-F7A62F8FAC8A}.Release|Any CPU.ActiveCfg = Release|Any CPU
		{E905ADDC-D30C-4EFF-AC05-F7A62F8FAC8A}.Release|Any CPU.Build.0 = Release|Any CPU
		{41476B3C-D9D2-40CD-A20C-AAF60B1913A7}.Debug|Any CPU.ActiveCfg = Debug|Any CPU
		{41476B3C-D9D2-40CD-A20C-AAF60B1913A7}.Debug|Any CPU.Build.0 = Debug|Any CPU
		{41476B3C-D9D2-40CD-A20C-AAF60B1913A7}.Release|Any CPU.ActiveCfg = Release|Any CPU
		{41476B3C-D9D2-40CD-A20C-AAF60B1913A7}.Release|Any CPU.Build.0 = Release|Any CPU
		{CC1D181E-10DD-4394-B0DD-3795E836CC27}.Debug|Any CPU.ActiveCfg = Debug|Any CPU
		{CC1D181E-10DD-4394-B0DD-3795E836CC27}.Debug|Any CPU.Build.0 = Debug|Any CPU
		{CC1D181E-10DD-4394-B0DD-3795E836CC27}.Release|Any CPU.ActiveCfg = Release|Any CPU
		{CC1D181E-10DD-4394-B0DD-3795E836CC27}.Release|Any CPU.Build.0 = Release|Any CPU
		{E932A6F4-5D19-427A-9244-D755685400A0}.Debug|Any CPU.ActiveCfg = Debug|Any CPU
		{E932A6F4-5D19-427A-9244-D755685400A0}.Debug|Any CPU.Build.0 = Debug|Any CPU
		{E932A6F4-5D19-427A-9244-D755685400A0}.Release|Any CPU.ActiveCfg = Release|Any CPU
		{E932A6F4-5D19-427A-9244-D755685400A0}.Release|Any CPU.Build.0 = Release|Any CPU
		{0228F43D-C452-4961-9C60-454CC1C3406E}.Debug|Any CPU.ActiveCfg = Debug|Any CPU
		{0228F43D-C452-4961-9C60-454CC1C3406E}.Debug|Any CPU.Build.0 = Debug|Any CPU
		{0228F43D-C452-4961-9C60-454CC1C3406E}.Release|Any CPU.ActiveCfg = Release|Any CPU
		{0228F43D-C452-4961-9C60-454CC1C3406E}.Release|Any CPU.Build.0 = Release|Any CPU
		{A4BA1AD5-AEBC-4A3B-877A-C1AEE748C151}.Debug|Any CPU.ActiveCfg = Debug|Any CPU
		{A4BA1AD5-AEBC-4A3B-877A-C1AEE748C151}.Debug|Any CPU.Build.0 = Debug|Any CPU
		{A4BA1AD5-AEBC-4A3B-877A-C1AEE748C151}.Release|Any CPU.ActiveCfg = Release|Any CPU
		{A4BA1AD5-AEBC-4A3B-877A-C1AEE748C151}.Release|Any CPU.Build.0 = Release|Any CPU
	EndGlobalSection
	GlobalSection(SolutionProperties) = preSolution
		HideSolutionNode = FALSE
	EndGlobalSection
	GlobalSection(ExtensibilityGlobals) = postSolution
		SolutionGuid = {16103AB9-C01C-45A5-AD4C-93493D8E241E}
	EndGlobalSection
	GlobalSection(NestedProjects) = preSolution
		{41476B3C-D9D2-40CD-A20C-AAF60B1913A7} = {F1C49220-A8D7-45D8-8B27-869E488F3B7B}
		{CC1D181E-10DD-4394-B0DD-3795E836CC27} = {F1C49220-A8D7-45D8-8B27-869E488F3B7B}
		{E932A6F4-5D19-427A-9244-D755685400A0} = {F1C49220-A8D7-45D8-8B27-869E488F3B7B}
	EndGlobalSection
EndGlobal
